{
  "name": "invoice-management-system",
  "version": "1.0.0",
  "description": "A simple invoice management system built with React",
  "main": "index.js",
  "scripts": {
    "start": "react-scripts start",
    "build": "react-scripts build",
    "test": "react-scripts test",
    "eject": "react-scripts eject"
  },
  "dependencies": {
    "react": "^18.0.0",
    "react-dom": "^18.0.0",
    "react-scripts": "5.0.0",
    "axios": "^0.21.1",
    "react-router-dom": "^6.0.0"
  },
  "devDependencies": {
    "eslint": "^7.32.0",
    "eslint-plugin-react": "^7.27.0"
  },
  "keywords": [
    "invoice",
    "management",
    "react"
  ],
  "author": "Your Name",
  "license": "ISC",
  "homepage": "http://yourhomepage.com",
  "repository": {
    "type": "git",
    "url": "https://github.com/yourusername/invoice-management-system.git"
  }
}
